
Microsoft Visual Studio Solution File, Format Version 12.00
# Visual Studio Version 17
VisualStudioVersion = 17.3.32825.248
MinimumVisualStudioVersion = 10.0.40219.1
Project("{FAE04EC0-301F-11D3-BF4B-00C04F79EFBC}") = "UnitTest2", "UnitTest2\UnitTest2.csproj", "{266B697D-0975-47DA-B3A3-5F86D1C661CF}"
EndProject
Global
	GlobalSection(SolutionConfigurationPlatforms) = preSolution
		Debug|Any CPU = Debug|Any CPU
		Release|Any CPU = Release|Any CPU
	EndGlobalSection
	GlobalSection(ProjectConfigurationPlatforms) = postSolution
		{266B697D-0975-47DA-B3A3-5F86D1C661CF}.Debug|Any CPU.ActiveCfg = Debug|Any CPU
		{266B697D-0975-47DA-B3A3-5F86D1C661CF}.Debug|Any CPU.Build.0 = Debug|Any CPU
		{266B697D-0975-47DA-B3A3-5F86D1C661CF}.Release|Any CPU.ActiveCfg = Release|Any CPU
		{266B697D-0975-47DA-B3A3-5F86D1C661CF}.Release|Any CPU.Build.0 = Release|Any CPU
	EndGlobalSection
	GlobalSection(SolutionProperties) = preSolution
		HideSolutionNode = FALSE
	EndGlobalSection
	GlobalSection(ExtensibilityGlobals) = postSolution
		SolutionGuid = {7A5CDFEC-8E3B-4E55-8AA1-9B3F321A84F2}
	EndGlobalSection
EndGlobal
