
Microsoft Visual Studio Solution File, Format Version 12.00
# Visual Studio Version 17
VisualStudioVersion = 17.3.32819.101
MinimumVisualStudioVersion = 10.0.40219.1
Project("{FAE04EC0-301F-11D3-BF4B-00C04F79EFBC}") = "PE03", "PE03\PE03.csproj", "{C22F63E8-4EC2-4962-9B0D-716F01DC6D37}"
EndProject
Global
	GlobalSection(SolutionConfigurationPlatforms) = preSolution
		Debug|Any CPU = Debug|Any CPU
		Release|Any CPU = Release|Any CPU
	EndGlobalSection
	GlobalSection(ProjectConfigurationPlatforms) = postSolution
		{C22F63E8-4EC2-4962-9B0D-716F01DC6D37}.Debug|Any CPU.ActiveCfg = Debug|Any CPU
		{C22F63E8-4EC2-4962-9B0D-716F01DC6D37}.Debug|Any CPU.Build.0 = Debug|Any CPU
		{C22F63E8-4EC2-4962-9B0D-716F01DC6D37}.Release|Any CPU.ActiveCfg = Release|Any CPU
		{C22F63E8-4EC2-4962-9B0D-716F01DC6D37}.Release|Any CPU.Build.0 = Release|Any CPU
	EndGlobalSection
	GlobalSection(SolutionProperties) = preSolution
		HideSolutionNode = FALSE
	EndGlobalSection
	GlobalSection(ExtensibilityGlobals) = postSolution
		SolutionGuid = {06A9947F-5D18-4F71-89C6-AE875AF52B02}
	EndGlobalSection
EndGlobal
