
Microsoft Visual Studio Solution File, Format Version 12.00
# Visual Studio Version 17
VisualStudioVersion = 17.3.32825.248
MinimumVisualStudioVersion = 10.0.40219.1
Project("{FAE04EC0-301F-11D3-BF4B-00C04F79EFBC}") = "PE9", "PE9\PE9.csproj", "{0A167EB7-28FC-4E9B-AC5C-90F8C1C52233}"
EndProject
Global
	GlobalSection(SolutionConfigurationPlatforms) = preSolution
		Debug|Any CPU = Debug|Any CPU
		Release|Any CPU = Release|Any CPU
	EndGlobalSection
	GlobalSection(ProjectConfigurationPlatforms) = postSolution
		{0A167EB7-28FC-4E9B-AC5C-90F8C1C52233}.Debug|Any CPU.ActiveCfg = Debug|Any CPU
		{0A167EB7-28FC-4E9B-AC5C-90F8C1C52233}.Debug|Any CPU.Build.0 = Debug|Any CPU
		{0A167EB7-28FC-4E9B-AC5C-90F8C1C52233}.Release|Any CPU.ActiveCfg = Release|Any CPU
		{0A167EB7-28FC-4E9B-AC5C-90F8C1C52233}.Release|Any CPU.Build.0 = Release|Any CPU
	EndGlobalSection
	GlobalSection(SolutionProperties) = preSolution
		HideSolutionNode = FALSE
	EndGlobalSection
	GlobalSection(ExtensibilityGlobals) = postSolution
		SolutionGuid = {69124115-5BE7-44E2-9530-97FE13E6EC39}
	EndGlobalSection
EndGlobal
