
Microsoft Visual Studio Solution File, Format Version 12.00
# Visual Studio Version 17
VisualStudioVersion = 17.3.32825.248
MinimumVisualStudioVersion = 10.0.40219.1
Project("{FAE04EC0-301F-11D3-BF4B-00C04F79EFBC}") = "llllllllll", "llllllllll\llllllllll.csproj", "{E217BA4D-44E9-4DB5-A1F9-2C86390001BA}"
EndProject
Global
	GlobalSection(SolutionConfigurationPlatforms) = preSolution
		Debug|Any CPU = Debug|Any CPU
		Release|Any CPU = Release|Any CPU
	EndGlobalSection
	GlobalSection(ProjectConfigurationPlatforms) = postSolution
		{E217BA4D-44E9-4DB5-A1F9-2C86390001BA}.Debug|Any CPU.ActiveCfg = Debug|Any CPU
		{E217BA4D-44E9-4DB5-A1F9-2C86390001BA}.Debug|Any CPU.Build.0 = Debug|Any CPU
		{E217BA4D-44E9-4DB5-A1F9-2C86390001BA}.Release|Any CPU.ActiveCfg = Release|Any CPU
		{E217BA4D-44E9-4DB5-A1F9-2C86390001BA}.Release|Any CPU.Build.0 = Release|Any CPU
	EndGlobalSection
	GlobalSection(SolutionProperties) = preSolution
		HideSolutionNode = FALSE
	EndGlobalSection
	GlobalSection(ExtensibilityGlobals) = postSolution
		SolutionGuid = {DCA1521D-B04E-44D9-AD15-7CA62E246E21}
	EndGlobalSection
EndGlobal
