
Microsoft Visual Studio Solution File, Format Version 12.00
# Visual Studio Version 17
VisualStudioVersion = 17.3.32825.248
MinimumVisualStudioVersion = 10.0.40219.1
Project("{FAE04EC0-301F-11D3-BF4B-00C04F79EFBC}") = "PE21", "PE21\PE21.csproj", "{6F817616-15F0-4176-A33D-3A3729B22BC9}"
EndProject
Global
	GlobalSection(SolutionConfigurationPlatforms) = preSolution
		Debug|Any CPU = Debug|Any CPU
		Release|Any CPU = Release|Any CPU
	EndGlobalSection
	GlobalSection(ProjectConfigurationPlatforms) = postSolution
		{6F817616-15F0-4176-A33D-3A3729B22BC9}.Debug|Any CPU.ActiveCfg = Debug|Any CPU
		{6F817616-15F0-4176-A33D-3A3729B22BC9}.Debug|Any CPU.Build.0 = Debug|Any CPU
		{6F817616-15F0-4176-A33D-3A3729B22BC9}.Release|Any CPU.ActiveCfg = Release|Any CPU
		{6F817616-15F0-4176-A33D-3A3729B22BC9}.Release|Any CPU.Build.0 = Release|Any CPU
	EndGlobalSection
	GlobalSection(SolutionProperties) = preSolution
		HideSolutionNode = FALSE
	EndGlobalSection
	GlobalSection(ExtensibilityGlobals) = postSolution
		SolutionGuid = {A5BAEB10-D2CD-4488-8F89-E8A18487D130}
	EndGlobalSection
EndGlobal
